
Microsoft Visual Studio Solution File, Format Version 12.00
# Visual Studio 15
VisualStudioVersion = 15.0.27130.2036
MinimumVisualStudioVersion = 10.0.40219.1
Project("{FAE04EC0-301F-11D3-BF4B-00C04F79EFBC}") = "BigOwl.Entity", "BigOwl.Entity\BigOwl.Entity.csproj", "{A72150CF-8F1D-4F4C-9EF3-D0CCC3D2D317}"
EndProject
Project("{FAE04EC0-301F-11D3-BF4B-00C04F79EFBC}") = "BigOwl.StepperControl", "BigOwl.StepperControl\BigOwl.StepperControl.csproj", "{57A1FFA6-3C73-407E-A1DC-5A51DFC687CD}"
EndProject
Project("{FAE04EC0-301F-11D3-BF4B-00C04F79EFBC}") = "BigOwl.ThermalMonitor", "BigOwl.ThermalMonitor\BigOwl.ThermalMonitor.csproj", "{BB0CA982-F29C-4517-A192-2B9C05B7E363}"
EndProject
Project("{FAE04EC0-301F-11D3-BF4B-00C04F79EFBC}") = "BigOwl.PwmControl", "BigOwl.PwmControl\BigOwl.PwmControl.csproj", "{BBF27358-FC02-466E-BDB6-BC3AC7193911}"
EndProject
Project("{2150E333-8FDC-42A3-9474-1A3956D46DE8}") = "Apps", "Apps", "{60340940-CE5F-4D5A-8990-2FBF95CE6A77}"
EndProject
Project("{FAE04EC0-301F-11D3-BF4B-00C04F79EFBC}") = "BigOwl.Devices", "BigOwl.Devices\BigOwl.Devices.csproj", "{46A46239-AA7C-48A0-8CFD-5542B8A8DEC8}"
EndProject
Project("{FAE04EC0-301F-11D3-BF4B-00C04F79EFBC}") = "BigOwl.TestControllerApp", "BigOwl.TestControllerApp\BigOwl.TestControllerApp.csproj", "{236A517C-6C78-4E76-9B4A-64FE0D1BD06F}"
EndProject
Project("{2150E333-8FDC-42A3-9474-1A3956D46DE8}") = "Components", "Components", "{02A44A22-FAA2-4DD3-95F0-3FAEF8705352}"
EndProject
Project("{2150E333-8FDC-42A3-9474-1A3956D46DE8}") = "Common", "Common", "{A39DA53B-34B3-46B2-BC6D-71CD9B8B9DBA}"
EndProject
Project("{FAE04EC0-301F-11D3-BF4B-00C04F79EFBC}") = "BigOwl.ControllerHubService", "BigOwl.ControllerHubService\BigOwl.ControllerHubService.csproj", "{D11C2706-4D8B-4E49-ADC3-AD9762300AD1}"
EndProject
Project("{FAE04EC0-301F-11D3-BF4B-00C04F79EFBC}") = "BigOwl.StatusRelayService", "BigOwl.StatusRelayService\BigOwl.StatusRelayService.csproj", "{FB047E3C-74D2-48E6-A689-5BB994E2A50A}"
EndProject
Project("{FAE04EC0-301F-11D3-BF4B-00C04F79EFBC}") = "BigOwl.StatusRelay", "BigOwl.StatusRelay\BigOwl.StatusRelay.csproj", "{ABD4301A-CB41-41B5-890D-8146116FC0FC}"
EndProject
Project("{FAE04EC0-301F-11D3-BF4B-00C04F79EFBC}") = "BigOwl.TestHarnessApp", "BigOwl.TestHarnessApp\BigOwl.TestHarnessApp.csproj", "{CAC3BD6D-072A-4A69-9E1B-1EEE69B719DE}"
EndProject
Project("{FAE04EC0-301F-11D3-BF4B-00C04F79EFBC}") = "BigOwl.OwlMasterController", "BigOwl.OwlMasterController\BigOwl.OwlMasterController.csproj", "{34133633-2468-4DE5-95FC-6E9164E55C4B}"
EndProject
Global
	GlobalSection(SolutionConfigurationPlatforms) = preSolution
		Debug|Any CPU = Debug|Any CPU
		Debug|ARM = Debug|ARM
		Debug|x64 = Debug|x64
		Debug|x86 = Debug|x86
		Release|Any CPU = Release|Any CPU
		Release|ARM = Release|ARM
		Release|x64 = Release|x64
		Release|x86 = Release|x86
	EndGlobalSection
	GlobalSection(ProjectConfigurationPlatforms) = postSolution
		{A72150CF-8F1D-4F4C-9EF3-D0CCC3D2D317}.Debug|Any CPU.ActiveCfg = Debug|Any CPU
		{A72150CF-8F1D-4F4C-9EF3-D0CCC3D2D317}.Debug|Any CPU.Build.0 = Debug|Any CPU
		{A72150CF-8F1D-4F4C-9EF3-D0CCC3D2D317}.Debug|ARM.ActiveCfg = Debug|ARM
		{A72150CF-8F1D-4F4C-9EF3-D0CCC3D2D317}.Debug|ARM.Build.0 = Debug|ARM
		{A72150CF-8F1D-4F4C-9EF3-D0CCC3D2D317}.Debug|x64.ActiveCfg = Debug|x64
		{A72150CF-8F1D-4F4C-9EF3-D0CCC3D2D317}.Debug|x64.Build.0 = Debug|x64
		{A72150CF-8F1D-4F4C-9EF3-D0CCC3D2D317}.Debug|x86.ActiveCfg = Debug|x86
		{A72150CF-8F1D-4F4C-9EF3-D0CCC3D2D317}.Debug|x86.Build.0 = Debug|x86
		{A72150CF-8F1D-4F4C-9EF3-D0CCC3D2D317}.Release|Any CPU.ActiveCfg = Release|Any CPU
		{A72150CF-8F1D-4F4C-9EF3-D0CCC3D2D317}.Release|Any CPU.Build.0 = Release|Any CPU
		{A72150CF-8F1D-4F4C-9EF3-D0CCC3D2D317}.Release|ARM.ActiveCfg = Release|ARM
		{A72150CF-8F1D-4F4C-9EF3-D0CCC3D2D317}.Release|ARM.Build.0 = Release|ARM
		{A72150CF-8F1D-4F4C-9EF3-D0CCC3D2D317}.Release|x64.ActiveCfg = Release|x64
		{A72150CF-8F1D-4F4C-9EF3-D0CCC3D2D317}.Release|x64.Build.0 = Release|x64
		{A72150CF-8F1D-4F4C-9EF3-D0CCC3D2D317}.Release|x86.ActiveCfg = Release|x86
		{A72150CF-8F1D-4F4C-9EF3-D0CCC3D2D317}.Release|x86.Build.0 = Release|x86
		{57A1FFA6-3C73-407E-A1DC-5A51DFC687CD}.Debug|Any CPU.ActiveCfg = Debug|Any CPU
		{57A1FFA6-3C73-407E-A1DC-5A51DFC687CD}.Debug|Any CPU.Build.0 = Debug|Any CPU
		{57A1FFA6-3C73-407E-A1DC-5A51DFC687CD}.Debug|ARM.ActiveCfg = Debug|ARM
		{57A1FFA6-3C73-407E-A1DC-5A51DFC687CD}.Debug|ARM.Build.0 = Debug|ARM
		{57A1FFA6-3C73-407E-A1DC-5A51DFC687CD}.Debug|x64.ActiveCfg = Debug|x64
		{57A1FFA6-3C73-407E-A1DC-5A51DFC687CD}.Debug|x64.Build.0 = Debug|x64
		{57A1FFA6-3C73-407E-A1DC-5A51DFC687CD}.Debug|x86.ActiveCfg = Debug|x86
		{57A1FFA6-3C73-407E-A1DC-5A51DFC687CD}.Debug|x86.Build.0 = Debug|x86
		{57A1FFA6-3C73-407E-A1DC-5A51DFC687CD}.Release|Any CPU.ActiveCfg = Release|Any CPU
		{57A1FFA6-3C73-407E-A1DC-5A51DFC687CD}.Release|Any CPU.Build.0 = Release|Any CPU
		{57A1FFA6-3C73-407E-A1DC-5A51DFC687CD}.Release|ARM.ActiveCfg = Release|ARM
		{57A1FFA6-3C73-407E-A1DC-5A51DFC687CD}.Release|ARM.Build.0 = Release|ARM
		{57A1FFA6-3C73-407E-A1DC-5A51DFC687CD}.Release|x64.ActiveCfg = Release|x64
		{57A1FFA6-3C73-407E-A1DC-5A51DFC687CD}.Release|x64.Build.0 = Release|x64
		{57A1FFA6-3C73-407E-A1DC-5A51DFC687CD}.Release|x86.ActiveCfg = Release|x86
		{57A1FFA6-3C73-407E-A1DC-5A51DFC687CD}.Release|x86.Build.0 = Release|x86
		{BB0CA982-F29C-4517-A192-2B9C05B7E363}.Debug|Any CPU.ActiveCfg = Debug|Any CPU
		{BB0CA982-F29C-4517-A192-2B9C05B7E363}.Debug|Any CPU.Build.0 = Debug|Any CPU
		{BB0CA982-F29C-4517-A192-2B9C05B7E363}.Debug|ARM.ActiveCfg = Debug|ARM
		{BB0CA982-F29C-4517-A192-2B9C05B7E363}.Debug|ARM.Build.0 = Debug|ARM
		{BB0CA982-F29C-4517-A192-2B9C05B7E363}.Debug|x64.ActiveCfg = Debug|x64
		{BB0CA982-F29C-4517-A192-2B9C05B7E363}.Debug|x64.Build.0 = Debug|x64
		{BB0CA982-F29C-4517-A192-2B9C05B7E363}.Debug|x86.ActiveCfg = Debug|x86
		{BB0CA982-F29C-4517-A192-2B9C05B7E363}.Debug|x86.Build.0 = Debug|x86
		{BB0CA982-F29C-4517-A192-2B9C05B7E363}.Release|Any CPU.ActiveCfg = Release|Any CPU
		{BB0CA982-F29C-4517-A192-2B9C05B7E363}.Release|Any CPU.Build.0 = Release|Any CPU
		{BB0CA982-F29C-4517-A192-2B9C05B7E363}.Release|ARM.ActiveCfg = Release|ARM
		{BB0CA982-F29C-4517-A192-2B9C05B7E363}.Release|ARM.Build.0 = Release|ARM
		{BB0CA982-F29C-4517-A192-2B9C05B7E363}.Release|x64.ActiveCfg = Release|x64
		{BB0CA982-F29C-4517-A192-2B9C05B7E363}.Release|x64.Build.0 = Release|x64
		{BB0CA982-F29C-4517-A192-2B9C05B7E363}.Release|x86.ActiveCfg = Release|x86
		{BB0CA982-F29C-4517-A192-2B9C05B7E363}.Release|x86.Build.0 = Release|x86
		{BBF27358-FC02-466E-BDB6-BC3AC7193911}.Debug|Any CPU.ActiveCfg = Debug|Any CPU
		{BBF27358-FC02-466E-BDB6-BC3AC7193911}.Debug|Any CPU.Build.0 = Debug|Any CPU
		{BBF27358-FC02-466E-BDB6-BC3AC7193911}.Debug|ARM.ActiveCfg = Debug|ARM
		{BBF27358-FC02-466E-BDB6-BC3AC7193911}.Debug|ARM.Build.0 = Debug|ARM
		{BBF27358-FC02-466E-BDB6-BC3AC7193911}.Debug|x64.ActiveCfg = Debug|x64
		{BBF27358-FC02-466E-BDB6-BC3AC7193911}.Debug|x64.Build.0 = Debug|x64
		{BBF27358-FC02-466E-BDB6-BC3AC7193911}.Debug|x86.ActiveCfg = Debug|x86
		{BBF27358-FC02-466E-BDB6-BC3AC7193911}.Debug|x86.Build.0 = Debug|x86
		{BBF27358-FC02-466E-BDB6-BC3AC7193911}.Release|Any CPU.ActiveCfg = Release|Any CPU
		{BBF27358-FC02-466E-BDB6-BC3AC7193911}.Release|Any CPU.Build.0 = Release|Any CPU
		{BBF27358-FC02-466E-BDB6-BC3AC7193911}.Release|ARM.ActiveCfg = Release|ARM
		{BBF27358-FC02-466E-BDB6-BC3AC7193911}.Release|ARM.Build.0 = Release|ARM
		{BBF27358-FC02-466E-BDB6-BC3AC7193911}.Release|x64.ActiveCfg = Release|x64
		{BBF27358-FC02-466E-BDB6-BC3AC7193911}.Release|x64.Build.0 = Release|x64
		{BBF27358-FC02-466E-BDB6-BC3AC7193911}.Release|x86.ActiveCfg = Release|x86
		{BBF27358-FC02-466E-BDB6-BC3AC7193911}.Release|x86.Build.0 = Release|x86
		{46A46239-AA7C-48A0-8CFD-5542B8A8DEC8}.Debug|Any CPU.ActiveCfg = Debug|Any CPU
		{46A46239-AA7C-48A0-8CFD-5542B8A8DEC8}.Debug|Any CPU.Build.0 = Debug|Any CPU
		{46A46239-AA7C-48A0-8CFD-5542B8A8DEC8}.Debug|ARM.ActiveCfg = Debug|ARM
		{46A46239-AA7C-48A0-8CFD-5542B8A8DEC8}.Debug|ARM.Build.0 = Debug|ARM
		{46A46239-AA7C-48A0-8CFD-5542B8A8DEC8}.Debug|x64.ActiveCfg = Debug|x64
		{46A46239-AA7C-48A0-8CFD-5542B8A8DEC8}.Debug|x64.Build.0 = Debug|x64
		{46A46239-AA7C-48A0-8CFD-5542B8A8DEC8}.Debug|x86.ActiveCfg = Debug|x86
		{46A46239-AA7C-48A0-8CFD-5542B8A8DEC8}.Debug|x86.Build.0 = Debug|x86
		{46A46239-AA7C-48A0-8CFD-5542B8A8DEC8}.Release|Any CPU.ActiveCfg = Release|Any CPU
		{46A46239-AA7C-48A0-8CFD-5542B8A8DEC8}.Release|Any CPU.Build.0 = Release|Any CPU
		{46A46239-AA7C-48A0-8CFD-5542B8A8DEC8}.Release|ARM.ActiveCfg = Release|ARM
		{46A46239-AA7C-48A0-8CFD-5542B8A8DEC8}.Release|ARM.Build.0 = Release|ARM
		{46A46239-AA7C-48A0-8CFD-5542B8A8DEC8}.Release|x64.ActiveCfg = Release|x64
		{46A46239-AA7C-48A0-8CFD-5542B8A8DEC8}.Release|x64.Build.0 = Release|x64
		{46A46239-AA7C-48A0-8CFD-5542B8A8DEC8}.Release|x86.ActiveCfg = Release|x86
		{46A46239-AA7C-48A0-8CFD-5542B8A8DEC8}.Release|x86.Build.0 = Release|x86
		{236A517C-6C78-4E76-9B4A-64FE0D1BD06F}.Debug|Any CPU.ActiveCfg = Debug|x86
		{236A517C-6C78-4E76-9B4A-64FE0D1BD06F}.Debug|ARM.ActiveCfg = Debug|ARM
		{236A517C-6C78-4E76-9B4A-64FE0D1BD06F}.Debug|ARM.Build.0 = Debug|ARM
		{236A517C-6C78-4E76-9B4A-64FE0D1BD06F}.Debug|ARM.Deploy.0 = Debug|ARM
		{236A517C-6C78-4E76-9B4A-64FE0D1BD06F}.Debug|x64.ActiveCfg = Debug|x64
		{236A517C-6C78-4E76-9B4A-64FE0D1BD06F}.Debug|x64.Build.0 = Debug|x64
		{236A517C-6C78-4E76-9B4A-64FE0D1BD06F}.Debug|x64.Deploy.0 = Debug|x64
		{236A517C-6C78-4E76-9B4A-64FE0D1BD06F}.Debug|x86.ActiveCfg = Debug|x86
		{236A517C-6C78-4E76-9B4A-64FE0D1BD06F}.Debug|x86.Build.0 = Debug|x86
		{236A517C-6C78-4E76-9B4A-64FE0D1BD06F}.Debug|x86.Deploy.0 = Debug|x86
		{236A517C-6C78-4E76-9B4A-64FE0D1BD06F}.Release|Any CPU.ActiveCfg = Release|x86
		{236A517C-6C78-4E76-9B4A-64FE0D1BD06F}.Release|ARM.ActiveCfg = Release|ARM
		{236A517C-6C78-4E76-9B4A-64FE0D1BD06F}.Release|ARM.Build.0 = Release|ARM
		{236A517C-6C78-4E76-9B4A-64FE0D1BD06F}.Release|ARM.Deploy.0 = Release|ARM
		{236A517C-6C78-4E76-9B4A-64FE0D1BD06F}.Release|x64.ActiveCfg = Release|x64
		{236A517C-6C78-4E76-9B4A-64FE0D1BD06F}.Release|x64.Build.0 = Release|x64
		{236A517C-6C78-4E76-9B4A-64FE0D1BD06F}.Release|x64.Deploy.0 = Release|x64
		{236A517C-6C78-4E76-9B4A-64FE0D1BD06F}.Release|x86.ActiveCfg = Release|x86
		{236A517C-6C78-4E76-9B4A-64FE0D1BD06F}.Release|x86.Build.0 = Release|x86
		{236A517C-6C78-4E76-9B4A-64FE0D1BD06F}.Release|x86.Deploy.0 = Release|x86
		{D11C2706-4D8B-4E49-ADC3-AD9762300AD1}.Debug|Any CPU.ActiveCfg = Debug|x86
		{D11C2706-4D8B-4E49-ADC3-AD9762300AD1}.Debug|ARM.ActiveCfg = Debug|ARM
		{D11C2706-4D8B-4E49-ADC3-AD9762300AD1}.Debug|ARM.Build.0 = Debug|ARM
		{D11C2706-4D8B-4E49-ADC3-AD9762300AD1}.Debug|ARM.Deploy.0 = Debug|ARM
		{D11C2706-4D8B-4E49-ADC3-AD9762300AD1}.Debug|x64.ActiveCfg = Debug|x64
		{D11C2706-4D8B-4E49-ADC3-AD9762300AD1}.Debug|x64.Build.0 = Debug|x64
		{D11C2706-4D8B-4E49-ADC3-AD9762300AD1}.Debug|x64.Deploy.0 = Debug|x64
		{D11C2706-4D8B-4E49-ADC3-AD9762300AD1}.Debug|x86.ActiveCfg = Debug|x86
		{D11C2706-4D8B-4E49-ADC3-AD9762300AD1}.Debug|x86.Build.0 = Debug|x86
		{D11C2706-4D8B-4E49-ADC3-AD9762300AD1}.Debug|x86.Deploy.0 = Debug|x86
		{D11C2706-4D8B-4E49-ADC3-AD9762300AD1}.Release|Any CPU.ActiveCfg = Release|x86
		{D11C2706-4D8B-4E49-ADC3-AD9762300AD1}.Release|ARM.ActiveCfg = Release|ARM
		{D11C2706-4D8B-4E49-ADC3-AD9762300AD1}.Release|ARM.Build.0 = Release|ARM
		{D11C2706-4D8B-4E49-ADC3-AD9762300AD1}.Release|ARM.Deploy.0 = Release|ARM
		{D11C2706-4D8B-4E49-ADC3-AD9762300AD1}.Release|x64.ActiveCfg = Release|x64
		{D11C2706-4D8B-4E49-ADC3-AD9762300AD1}.Release|x64.Build.0 = Release|x64
		{D11C2706-4D8B-4E49-ADC3-AD9762300AD1}.Release|x64.Deploy.0 = Release|x64
		{D11C2706-4D8B-4E49-ADC3-AD9762300AD1}.Release|x86.ActiveCfg = Release|x86
		{D11C2706-4D8B-4E49-ADC3-AD9762300AD1}.Release|x86.Build.0 = Release|x86
		{D11C2706-4D8B-4E49-ADC3-AD9762300AD1}.Release|x86.Deploy.0 = Release|x86
		{FB047E3C-74D2-48E6-A689-5BB994E2A50A}.Debug|Any CPU.ActiveCfg = Debug|x86
		{FB047E3C-74D2-48E6-A689-5BB994E2A50A}.Debug|ARM.ActiveCfg = Debug|ARM
		{FB047E3C-74D2-48E6-A689-5BB994E2A50A}.Debug|ARM.Build.0 = Debug|ARM
		{FB047E3C-74D2-48E6-A689-5BB994E2A50A}.Debug|ARM.Deploy.0 = Debug|ARM
		{FB047E3C-74D2-48E6-A689-5BB994E2A50A}.Debug|x64.ActiveCfg = Debug|x64
		{FB047E3C-74D2-48E6-A689-5BB994E2A50A}.Debug|x64.Build.0 = Debug|x64
		{FB047E3C-74D2-48E6-A689-5BB994E2A50A}.Debug|x64.Deploy.0 = Debug|x64
		{FB047E3C-74D2-48E6-A689-5BB994E2A50A}.Debug|x86.ActiveCfg = Debug|x86
		{FB047E3C-74D2-48E6-A689-5BB994E2A50A}.Debug|x86.Build.0 = Debug|x86
		{FB047E3C-74D2-48E6-A689-5BB994E2A50A}.Debug|x86.Deploy.0 = Debug|x86
		{FB047E3C-74D2-48E6-A689-5BB994E2A50A}.Release|Any CPU.ActiveCfg = Release|x86
		{FB047E3C-74D2-48E6-A689-5BB994E2A50A}.Release|ARM.ActiveCfg = Release|ARM
		{FB047E3C-74D2-48E6-A689-5BB994E2A50A}.Release|ARM.Build.0 = Release|ARM
		{FB047E3C-74D2-48E6-A689-5BB994E2A50A}.Release|ARM.Deploy.0 = Release|ARM
		{FB047E3C-74D2-48E6-A689-5BB994E2A50A}.Release|x64.ActiveCfg = Release|x64
		{FB047E3C-74D2-48E6-A689-5BB994E2A50A}.Release|x64.Build.0 = Release|x64
		{FB047E3C-74D2-48E6-A689-5BB994E2A50A}.Release|x64.Deploy.0 = Release|x64
		{FB047E3C-74D2-48E6-A689-5BB994E2A50A}.Release|x86.ActiveCfg = Release|x86
		{FB047E3C-74D2-48E6-A689-5BB994E2A50A}.Release|x86.Build.0 = Release|x86
		{FB047E3C-74D2-48E6-A689-5BB994E2A50A}.Release|x86.Deploy.0 = Release|x86
		{ABD4301A-CB41-41B5-890D-8146116FC0FC}.Debug|Any CPU.ActiveCfg = Debug|Any CPU
		{ABD4301A-CB41-41B5-890D-8146116FC0FC}.Debug|Any CPU.Build.0 = Debug|Any CPU
		{ABD4301A-CB41-41B5-890D-8146116FC0FC}.Debug|ARM.ActiveCfg = Debug|ARM
		{ABD4301A-CB41-41B5-890D-8146116FC0FC}.Debug|ARM.Build.0 = Debug|ARM
		{ABD4301A-CB41-41B5-890D-8146116FC0FC}.Debug|x64.ActiveCfg = Debug|x64
		{ABD4301A-CB41-41B5-890D-8146116FC0FC}.Debug|x64.Build.0 = Debug|x64
		{ABD4301A-CB41-41B5-890D-8146116FC0FC}.Debug|x86.ActiveCfg = Debug|x86
		{ABD4301A-CB41-41B5-890D-8146116FC0FC}.Debug|x86.Build.0 = Debug|x86
		{ABD4301A-CB41-41B5-890D-8146116FC0FC}.Release|Any CPU.ActiveCfg = Release|Any CPU
		{ABD4301A-CB41-41B5-890D-8146116FC0FC}.Release|Any CPU.Build.0 = Release|Any CPU
		{ABD4301A-CB41-41B5-890D-8146116FC0FC}.Release|ARM.ActiveCfg = Release|ARM
		{ABD4301A-CB41-41B5-890D-8146116FC0FC}.Release|ARM.Build.0 = Release|ARM
		{ABD4301A-CB41-41B5-890D-8146116FC0FC}.Release|x64.ActiveCfg = Release|x64
		{ABD4301A-CB41-41B5-890D-8146116FC0FC}.Release|x64.Build.0 = Release|x64
		{ABD4301A-CB41-41B5-890D-8146116FC0FC}.Release|x86.ActiveCfg = Release|x86
		{ABD4301A-CB41-41B5-890D-8146116FC0FC}.Release|x86.Build.0 = Release|x86
		{CAC3BD6D-072A-4A69-9E1B-1EEE69B719DE}.Debug|Any CPU.ActiveCfg = Debug|x86
		{CAC3BD6D-072A-4A69-9E1B-1EEE69B719DE}.Debug|ARM.ActiveCfg = Debug|ARM
		{CAC3BD6D-072A-4A69-9E1B-1EEE69B719DE}.Debug|ARM.Build.0 = Debug|ARM
		{CAC3BD6D-072A-4A69-9E1B-1EEE69B719DE}.Debug|ARM.Deploy.0 = Debug|ARM
		{CAC3BD6D-072A-4A69-9E1B-1EEE69B719DE}.Debug|x64.ActiveCfg = Debug|x64
		{CAC3BD6D-072A-4A69-9E1B-1EEE69B719DE}.Debug|x64.Build.0 = Debug|x64
		{CAC3BD6D-072A-4A69-9E1B-1EEE69B719DE}.Debug|x64.Deploy.0 = Debug|x64
		{CAC3BD6D-072A-4A69-9E1B-1EEE69B719DE}.Debug|x86.ActiveCfg = Debug|x86
		{CAC3BD6D-072A-4A69-9E1B-1EEE69B719DE}.Debug|x86.Build.0 = Debug|x86
		{CAC3BD6D-072A-4A69-9E1B-1EEE69B719DE}.Debug|x86.Deploy.0 = Debug|x86
		{CAC3BD6D-072A-4A69-9E1B-1EEE69B719DE}.Release|Any CPU.ActiveCfg = Release|x86
		{CAC3BD6D-072A-4A69-9E1B-1EEE69B719DE}.Release|ARM.ActiveCfg = Release|ARM
		{CAC3BD6D-072A-4A69-9E1B-1EEE69B719DE}.Release|ARM.Build.0 = Release|ARM
		{CAC3BD6D-072A-4A69-9E1B-1EEE69B719DE}.Release|ARM.Deploy.0 = Release|ARM
		{CAC3BD6D-072A-4A69-9E1B-1EEE69B719DE}.Release|x64.ActiveCfg = Release|x64
		{CAC3BD6D-072A-4A69-9E1B-1EEE69B719DE}.Release|x64.Build.0 = Release|x64
		{CAC3BD6D-072A-4A69-9E1B-1EEE69B719DE}.Release|x64.Deploy.0 = Release|x64
		{CAC3BD6D-072A-4A69-9E1B-1EEE69B719DE}.Release|x86.ActiveCfg = Release|x86
		{CAC3BD6D-072A-4A69-9E1B-1EEE69B719DE}.Release|x86.Build.0 = Release|x86
		{CAC3BD6D-072A-4A69-9E1B-1EEE69B719DE}.Release|x86.Deploy.0 = Release|x86
		{34133633-2468-4DE5-95FC-6E9164E55C4B}.Debug|Any CPU.ActiveCfg = Debug|Any CPU
		{34133633-2468-4DE5-95FC-6E9164E55C4B}.Debug|Any CPU.Build.0 = Debug|Any CPU
		{34133633-2468-4DE5-95FC-6E9164E55C4B}.Debug|ARM.ActiveCfg = Debug|ARM
		{34133633-2468-4DE5-95FC-6E9164E55C4B}.Debug|ARM.Build.0 = Debug|ARM
		{34133633-2468-4DE5-95FC-6E9164E55C4B}.Debug|x64.ActiveCfg = Debug|x64
		{34133633-2468-4DE5-95FC-6E9164E55C4B}.Debug|x64.Build.0 = Debug|x64
		{34133633-2468-4DE5-95FC-6E9164E55C4B}.Debug|x86.ActiveCfg = Debug|x86
		{34133633-2468-4DE5-95FC-6E9164E55C4B}.Debug|x86.Build.0 = Debug|x86
		{34133633-2468-4DE5-95FC-6E9164E55C4B}.Release|Any CPU.ActiveCfg = Release|Any CPU
		{34133633-2468-4DE5-95FC-6E9164E55C4B}.Release|Any CPU.Build.0 = Release|Any CPU
		{34133633-2468-4DE5-95FC-6E9164E55C4B}.Release|ARM.ActiveCfg = Release|ARM
		{34133633-2468-4DE5-95FC-6E9164E55C4B}.Release|ARM.Build.0 = Release|ARM
		{34133633-2468-4DE5-95FC-6E9164E55C4B}.Release|x64.ActiveCfg = Release|x64
		{34133633-2468-4DE5-95FC-6E9164E55C4B}.Release|x64.Build.0 = Release|x64
		{34133633-2468-4DE5-95FC-6E9164E55C4B}.Release|x86.ActiveCfg = Release|x86
		{34133633-2468-4DE5-95FC-6E9164E55C4B}.Release|x86.Build.0 = Release|x86
	EndGlobalSection
	GlobalSection(SolutionProperties) = preSolution
		HideSolutionNode = FALSE
	EndGlobalSection
	GlobalSection(NestedProjects) = preSolution
		{A72150CF-8F1D-4F4C-9EF3-D0CCC3D2D317} = {A39DA53B-34B3-46B2-BC6D-71CD9B8B9DBA}
		{57A1FFA6-3C73-407E-A1DC-5A51DFC687CD} = {02A44A22-FAA2-4DD3-95F0-3FAEF8705352}
		{BB0CA982-F29C-4517-A192-2B9C05B7E363} = {02A44A22-FAA2-4DD3-95F0-3FAEF8705352}
		{BBF27358-FC02-466E-BDB6-BC3AC7193911} = {02A44A22-FAA2-4DD3-95F0-3FAEF8705352}
		{46A46239-AA7C-48A0-8CFD-5542B8A8DEC8} = {02A44A22-FAA2-4DD3-95F0-3FAEF8705352}
		{236A517C-6C78-4E76-9B4A-64FE0D1BD06F} = {60340940-CE5F-4D5A-8990-2FBF95CE6A77}
		{D11C2706-4D8B-4E49-ADC3-AD9762300AD1} = {60340940-CE5F-4D5A-8990-2FBF95CE6A77}
		{FB047E3C-74D2-48E6-A689-5BB994E2A50A} = {60340940-CE5F-4D5A-8990-2FBF95CE6A77}
		{ABD4301A-CB41-41B5-890D-8146116FC0FC} = {A39DA53B-34B3-46B2-BC6D-71CD9B8B9DBA}
		{CAC3BD6D-072A-4A69-9E1B-1EEE69B719DE} = {60340940-CE5F-4D5A-8990-2FBF95CE6A77}
		{34133633-2468-4DE5-95FC-6E9164E55C4B} = {02A44A22-FAA2-4DD3-95F0-3FAEF8705352}
	EndGlobalSection
	GlobalSection(ExtensibilityGlobals) = postSolution
		SolutionGuid = {1BF3D4BE-0305-48B8-8E46-F3836CBEC328}
	EndGlobalSection
EndGlobal
